// !$*UTF8*$!
{
	archiveVersion = 1;
	classes = {
	};
	objectVersion = 46;
	objects = {

/* Begin PBXBuildFile section */
		D207A9491E80822F003E81AB /* StudentAnnotation.swift in Sources */ = {isa = PBXBuildFile; fileRef = D207A9481E80822F003E81AB /* StudentAnnotation.swift */; };
		D21727F71E42B64700D1D036 /* MapViewController.swift in Sources */ = {isa = PBXBuildFile; fileRef = D21727F61E42B64700D1D036 /* MapViewController.swift */; };
		D21727F91E42C76800D1D036 /* ListViewController.swift in Sources */ = {isa = PBXBuildFile; fileRef = D21727F81E42C76800D1D036 /* ListViewController.swift */; };
		D241347F1EA219C200E73757 /* OnTheMapTableViewCell.swift in Sources */ = {isa = PBXBuildFile; fileRef = D241347E1EA219C200E73757 /* OnTheMapTableViewCell.swift */; };
		D24134811EA2969F00E73757 /* AddLocationViewController.swift in Sources */ = {isa = PBXBuildFile; fileRef = D24134801EA2969F00E73757 /* AddLocationViewController.swift */; };
		D24134831EA2DD4000E73757 /* StudentsInformation.swift in Sources */ = {isa = PBXBuildFile; fileRef = D24134821EA2DD4000E73757 /* StudentsInformation.swift */; };
		D24134851EA2F11300E73757 /* ConfirmLocationViewController.swift in Sources */ = {isa = PBXBuildFile; fileRef = D24134841EA2F11300E73757 /* ConfirmLocationViewController.swift */; };
		D25C3A2D1E1CAD1A00F02E71 /* APIHelper.swift in Sources */ = {isa = PBXBuildFile; fileRef = D25C3A2C1E1CAD1A00F02E71 /* APIHelper.swift */; };
		D25C3A2F1E1CB3E400F02E71 /* GCDBlackBox.swift in Sources */ = {isa = PBXBuildFile; fileRef = D25C3A2E1E1CB3E400F02E71 /* GCDBlackBox.swift */; };
		D9F0D0721DA074DE004DF3BE /* AppDelegate.swift in Sources */ = {isa = PBXBuildFile; fileRef = D9F0D0711DA074DE004DF3BE /* AppDelegate.swift */; };
		D9F0D0771DA074DE004DF3BE /* Main.storyboard in Resources */ = {isa = PBXBuildFile; fileRef = D9F0D0751DA074DE004DF3BE /* Main.storyboard */; };
		D9F0D0791DA074DE004DF3BE /* Assets.xcassets in Resources */ = {isa = PBXBuildFile; fileRef = D9F0D0781DA074DE004DF3BE /* Assets.xcassets */; };
		D9F0D07C1DA074DE004DF3BE /* LaunchScreen.storyboard in Resources */ = {isa = PBXBuildFile; fileRef = D9F0D07A1DA074DE004DF3BE /* LaunchScreen.storyboard */; };
		D9F0D0851DA07592004DF3BE /* UdacityAPI.swift in Sources */ = {isa = PBXBuildFile; fileRef = D9F0D0841DA07592004DF3BE /* UdacityAPI.swift */; };
		D9F0D0871DA075A7004DF3BE /* UdacityParseAPI.swift in Sources */ = {isa = PBXBuildFile; fileRef = D9F0D0861DA075A7004DF3BE /* UdacityParseAPI.swift */; };
		D9F0D08A1DA07686004DF3BE /* StudentInformation.swift in Sources */ = {isa = PBXBuildFile; fileRef = D9F0D0891DA07686004DF3BE /* StudentInformation.swift */; };
		D9F0D08D1DA08330004DF3BE /* Constants.swift in Sources */ = {isa = PBXBuildFile; fileRef = D9F0D08C1DA08330004DF3BE /* Constants.swift */; };
		D9F0D08F1DA086C6004DF3BE /* ActivityIndicatorProtocol.swift in Sources */ = {isa = PBXBuildFile; fileRef = D9F0D08E1DA086C6004DF3BE /* ActivityIndicatorProtocol.swift */; };
		D9F0D0961DA184D6004DF3BE /* Roboto-Medium.ttf in Resources */ = {isa = PBXBuildFile; fileRef = D9F0D0931DA184D6004DF3BE /* Roboto-Medium.ttf */; };
		D9F0D0971DA184D6004DF3BE /* Roboto-Regular.ttf in Resources */ = {isa = PBXBuildFile; fileRef = D9F0D0941DA184D6004DF3BE /* Roboto-Regular.ttf */; };
		D9F0D0981DA184D6004DF3BE /* Roboto-Thin.ttf in Resources */ = {isa = PBXBuildFile; fileRef = D9F0D0951DA184D6004DF3BE /* Roboto-Thin.ttf */; };
		D9F0D09B1DA1A9DF004DF3BE /* ViewController.swift in Sources */ = {isa = PBXBuildFile; fileRef = D9F0D09A1DA1A9DF004DF3BE /* ViewController.swift */; };
		D9F0D09E1DA1AA72004DF3BE /* AppAppearance.swift in Sources */ = {isa = PBXBuildFile; fileRef = D9F0D09D1DA1AA72004DF3BE /* AppAppearance.swift */; };
		D9F0D0A01DA1C7AC004DF3BE /* Validator.swift in Sources */ = {isa = PBXBuildFile; fileRef = D9F0D09F1DA1C7AC004DF3BE /* Validator.swift */; };
/* End PBXBuildFile section */

/* Begin PBXFileReference section */
		D207A9481E80822F003E81AB /* StudentAnnotation.swift */ = {isa = PBXFileReference; fileEncoding = 4; lastKnownFileType = sourcecode.swift; name = StudentAnnotation.swift; path = ../Logic/StudentAnnotation.swift; sourceTree = "<group>"; };
		D21727F61E42B64700D1D036 /* MapViewController.swift */ = {isa = PBXFileReference; fileEncoding = 4; lastKnownFileType = sourcecode.swift; path = MapViewController.swift; sourceTree = "<group>"; };
		D21727F81E42C76800D1D036 /* ListViewController.swift */ = {isa = PBXFileReference; fileEncoding = 4; lastKnownFileType = sourcecode.swift; path = ListViewController.swift; sourceTree = "<group>"; };
		D241347E1EA219C200E73757 /* OnTheMapTableViewCell.swift */ = {isa = PBXFileReference; fileEncoding = 4; lastKnownFileType = sourcecode.swift; path = OnTheMapTableViewCell.swift; sourceTree = "<group>"; };
		D24134801EA2969F00E73757 /* AddLocationViewController.swift */ = {isa = PBXFileReference; fileEncoding = 4; lastKnownFileType = sourcecode.swift; path = AddLocationViewController.swift; sourceTree = "<group>"; };
		D24134821EA2DD4000E73757 /* StudentsInformation.swift */ = {isa = PBXFileReference; fileEncoding = 4; lastKnownFileType = sourcecode.swift; path = StudentsInformation.swift; sourceTree = "<group>"; };
		D24134841EA2F11300E73757 /* ConfirmLocationViewController.swift */ = {isa = PBXFileReference; fileEncoding = 4; lastKnownFileType = sourcecode.swift; path = ConfirmLocationViewController.swift; sourceTree = "<group>"; };
		D25C3A2C1E1CAD1A00F02E71 /* APIHelper.swift */ = {isa = PBXFileReference; fileEncoding = 4; lastKnownFileType = sourcecode.swift; path = APIHelper.swift; sourceTree = "<group>"; };
		D25C3A2E1E1CB3E400F02E71 /* GCDBlackBox.swift */ = {isa = PBXFileReference; fileEncoding = 4; lastKnownFileType = sourcecode.swift; path = GCDBlackBox.swift; sourceTree = "<group>"; };
		D9F0D06E1DA074DE004DF3BE /* On the Map.app */ = {isa = PBXFileReference; explicitFileType = wrapper.application; includeInIndex = 0; path = "On the Map.app"; sourceTree = BUILT_PRODUCTS_DIR; };
		D9F0D0711DA074DE004DF3BE /* AppDelegate.swift */ = {isa = PBXFileReference; lastKnownFileType = sourcecode.swift; path = AppDelegate.swift; sourceTree = "<group>"; };
		D9F0D0761DA074DE004DF3BE /* Base */ = {isa = PBXFileReference; lastKnownFileType = file.storyboard; name = Base; path = Base.lproj/Main.storyboard; sourceTree = "<group>"; };
		D9F0D0781DA074DE004DF3BE /* Assets.xcassets */ = {isa = PBXFileReference; lastKnownFileType = folder.assetcatalog; path = Assets.xcassets; sourceTree = "<group>"; };
		D9F0D07B1DA074DE004DF3BE /* Base */ = {isa = PBXFileReference; lastKnownFileType = file.storyboard; name = Base; path = Base.lproj/LaunchScreen.storyboard; sourceTree = "<group>"; };
		D9F0D07D1DA074DE004DF3BE /* Info.plist */ = {isa = PBXFileReference; lastKnownFileType = text.plist.xml; path = Info.plist; sourceTree = "<group>"; };
		D9F0D0841DA07592004DF3BE /* UdacityAPI.swift */ = {isa = PBXFileReference; fileEncoding = 4; lastKnownFileType = sourcecode.swift; path = UdacityAPI.swift; sourceTree = "<group>"; };
		D9F0D0861DA075A7004DF3BE /* UdacityParseAPI.swift */ = {isa = PBXFileReference; fileEncoding = 4; lastKnownFileType = sourcecode.swift; path = UdacityParseAPI.swift; sourceTree = "<group>"; };
		D9F0D0891DA07686004DF3BE /* StudentInformation.swift */ = {isa = PBXFileReference; fileEncoding = 4; lastKnownFileType = sourcecode.swift; path = StudentInformation.swift; sourceTree = "<group>"; };
		D9F0D08C1DA08330004DF3BE /* Constants.swift */ = {isa = PBXFileReference; fileEncoding = 4; lastKnownFileType = sourcecode.swift; path = Constants.swift; sourceTree = "<group>"; };
		D9F0D08E1DA086C6004DF3BE /* ActivityIndicatorProtocol.swift */ = {isa = PBXFileReference; fileEncoding = 4; lastKnownFileType = sourcecode.swift; path = ActivityIndicatorProtocol.swift; sourceTree = "<group>"; };
		D9F0D0931DA184D6004DF3BE /* Roboto-Medium.ttf */ = {isa = PBXFileReference; lastKnownFileType = file; path = "Roboto-Medium.ttf"; sourceTree = "<group>"; };
		D9F0D0941DA184D6004DF3BE /* Roboto-Regular.ttf */ = {isa = PBXFileReference; lastKnownFileType = file; path = "Roboto-Regular.ttf"; sourceTree = "<group>"; };
		D9F0D0951DA184D6004DF3BE /* Roboto-Thin.ttf */ = {isa = PBXFileReference; lastKnownFileType = file; path = "Roboto-Thin.ttf"; sourceTree = "<group>"; };
		D9F0D09A1DA1A9DF004DF3BE /* ViewController.swift */ = {isa = PBXFileReference; fileEncoding = 4; lastKnownFileType = sourcecode.swift; path = ViewController.swift; sourceTree = "<group>"; };
		D9F0D09D1DA1AA72004DF3BE /* AppAppearance.swift */ = {isa = PBXFileReference; fileEncoding = 4; lastKnownFileType = sourcecode.swift; path = AppAppearance.swift; sourceTree = "<group>"; };
		D9F0D09F1DA1C7AC004DF3BE /* Validator.swift */ = {isa = PBXFileReference; fileEncoding = 4; lastKnownFileType = sourcecode.swift; path = Validator.swift; sourceTree = "<group>"; };
/* End PBXFileReference section */

/* Begin PBXFrameworksBuildPhase section */
		D9F0D06B1DA074DE004DF3BE /* Frameworks */ = {
			isa = PBXFrameworksBuildPhase;
			buildActionMask = 2147483647;
			files = (
			);
			runOnlyForDeploymentPostprocessing = 0;
		};
/* End PBXFrameworksBuildPhase section */

/* Begin PBXGroup section */
		D9F0D0651DA074DE004DF3BE = {
			isa = PBXGroup;
			children = (
				D9F0D0701DA074DE004DF3BE /* On the Map */,
				D9F0D06F1DA074DE004DF3BE /* Products */,
			);
			sourceTree = "<group>";
		};
		D9F0D06F1DA074DE004DF3BE /* Products */ = {
			isa = PBXGroup;
			children = (
				D9F0D06E1DA074DE004DF3BE /* On the Map.app */,
			);
			name = Products;
			sourceTree = "<group>";
		};
		D9F0D0701DA074DE004DF3BE /* On the Map */ = {
			isa = PBXGroup;
			children = (
				D9F0D0711DA074DE004DF3BE /* AppDelegate.swift */,
				D9F0D09C1DA1AA23004DF3BE /* Appearance */,
				D9F0D07D1DA074DE004DF3BE /* Info.plist */,
				D9F0D07A1DA074DE004DF3BE /* LaunchScreen.storyboard */,
				D9F0D08B1DA08320004DF3BE /* Logic */,
				D9F0D0751DA074DE004DF3BE /* Main.storyboard */,
				D9F0D0881DA0767A004DF3BE /* Model */,
				D9F0D0831DA0757D004DF3BE /* Networking */,
				D9F0D0901DA1848E004DF3BE /* Supporting Files */,
				D9F0D0991DA1A9B2004DF3BE /* ViewControllers */,
			);
			path = "On the Map";
			sourceTree = "<group>";
		};
		D9F0D0831DA0757D004DF3BE /* Networking */ = {
			isa = PBXGroup;
			children = (
				D9F0D0841DA07592004DF3BE /* UdacityAPI.swift */,
				D9F0D0861DA075A7004DF3BE /* UdacityParseAPI.swift */,
				D25C3A2C1E1CAD1A00F02E71 /* APIHelper.swift */,
			);
			path = Networking;
			sourceTree = "<group>";
		};
		D9F0D0881DA0767A004DF3BE /* Model */ = {
			isa = PBXGroup;
			children = (
				D207A9481E80822F003E81AB /* StudentAnnotation.swift */,
				D9F0D0891DA07686004DF3BE /* StudentInformation.swift */,
				D24134821EA2DD4000E73757 /* StudentsInformation.swift */,
			);
			path = Model;
			sourceTree = "<group>";
		};
		D9F0D08B1DA08320004DF3BE /* Logic */ = {
			isa = PBXGroup;
			children = (
				D9F0D08C1DA08330004DF3BE /* Constants.swift */,
				D9F0D08E1DA086C6004DF3BE /* ActivityIndicatorProtocol.swift */,
				D9F0D09F1DA1C7AC004DF3BE /* Validator.swift */,
				D25C3A2E1E1CB3E400F02E71 /* GCDBlackBox.swift */,
			);
			path = Logic;
			sourceTree = "<group>";
		};
		D9F0D0901DA1848E004DF3BE /* Supporting Files */ = {
			isa = PBXGroup;
			children = (
				D9F0D0921DA184B6004DF3BE /* Fonts */,
				D9F0D0781DA074DE004DF3BE /* Assets.xcassets */,
			);
			name = "Supporting Files";
			sourceTree = "<group>";
		};
		D9F0D0921DA184B6004DF3BE /* Fonts */ = {
			isa = PBXGroup;
			children = (
				D9F0D0931DA184D6004DF3BE /* Roboto-Medium.ttf */,
				D9F0D0941DA184D6004DF3BE /* Roboto-Regular.ttf */,
				D9F0D0951DA184D6004DF3BE /* Roboto-Thin.ttf */,
			);
			path = Fonts;
			sourceTree = "<group>";
		};
		D9F0D0991DA1A9B2004DF3BE /* ViewControllers */ = {
			isa = PBXGroup;
			children = (
				D9F0D09A1DA1A9DF004DF3BE /* ViewController.swift */,
				D21727F61E42B64700D1D036 /* MapViewController.swift */,
				D21727F81E42C76800D1D036 /* ListViewController.swift */,
				D24134801EA2969F00E73757 /* AddLocationViewController.swift */,
				D24134841EA2F11300E73757 /* ConfirmLocationViewController.swift */,
			);
			path = ViewControllers;
			sourceTree = "<group>";
		};
		D9F0D09C1DA1AA23004DF3BE /* Appearance */ = {
			isa = PBXGroup;
			children = (
				D9F0D09D1DA1AA72004DF3BE /* AppAppearance.swift */,
				D241347E1EA219C200E73757 /* OnTheMapTableViewCell.swift */,
			);
			path = Appearance;
			sourceTree = "<group>";
		};
/* End PBXGroup section */

/* Begin PBXNativeTarget section */
		D9F0D06D1DA074DE004DF3BE /* On the Map */ = {
			isa = PBXNativeTarget;
			buildConfigurationList = D9F0D0801DA074DE004DF3BE /* Build configuration list for PBXNativeTarget "On the Map" */;
			buildPhases = (
				D9F0D06A1DA074DE004DF3BE /* Sources */,
				D9F0D06B1DA074DE004DF3BE /* Frameworks */,
				D9F0D06C1DA074DE004DF3BE /* Resources */,
			);
			buildRules = (
			);
			dependencies = (
			);
			name = "On the Map";
			productName = "On the Map";
			productReference = D9F0D06E1DA074DE004DF3BE /* On the Map.app */;
			productType = "com.apple.product-type.application";
		};
/* End PBXNativeTarget section */

/* Begin PBXProject section */
		D9F0D0661DA074DE004DF3BE /* Project object */ = {
			isa = PBXProject;
			attributes = {
				LastSwiftUpdateCheck = 0800;
				LastUpgradeCheck = 0820;
				ORGANIZATIONNAME = "Santiago Avila Arroyave";
				TargetAttributes = {
					D9F0D06D1DA074DE004DF3BE = {
						CreatedOnToolsVersion = 8.0;
						ProvisioningStyle = Automatic;
					};
				};
			};
			buildConfigurationList = D9F0D0691DA074DE004DF3BE /* Build configuration list for PBXProject "On the Map" */;
			compatibilityVersion = "Xcode 3.2";
			developmentRegion = English;
			hasScannedForEncodings = 0;
			knownRegions = (
				en,
				Base,
			);
			mainGroup = D9F0D0651DA074DE004DF3BE;
			productRefGroup = D9F0D06F1DA074DE004DF3BE /* Products */;
			projectDirPath = "";
			projectRoot = "";
			targets = (
				D9F0D06D1DA074DE004DF3BE /* On the Map */,
			);
		};
/* End PBXProject section */

/* Begin PBXResourcesBuildPhase section */
		D9F0D06C1DA074DE004DF3BE /* Resources */ = {
			isa = PBXResourcesBuildPhase;
			buildActionMask = 2147483647;
			files = (
				D9F0D0961DA184D6004DF3BE /* Roboto-Medium.ttf in Resources */,
				D9F0D07C1DA074DE004DF3BE /* LaunchScreen.storyboard in Resources */,
				D9F0D0981DA184D6004DF3BE /* Roboto-Thin.ttf in Resources */,
				D9F0D0971DA184D6004DF3BE /* Roboto-Regular.ttf in Resources */,
				D9F0D0791DA074DE004DF3BE /* Assets.xcassets in Resources */,
				D9F0D0771DA074DE004DF3BE /* Main.storyboard in Resources */,
			);
			runOnlyForDeploymentPostprocessing = 0;
		};
/* End PBXResourcesBuildPhase section */

/* Begin PBXSourcesBuildPhase section */
		D9F0D06A1DA074DE004DF3BE /* Sources */ = {
			isa = PBXSourcesBuildPhase;
			buildActionMask = 2147483647;
			files = (
				D25C3A2D1E1CAD1A00F02E71 /* APIHelper.swift in Sources */,
				D9F0D0871DA075A7004DF3BE /* UdacityParseAPI.swift in Sources */,
				D9F0D0A01DA1C7AC004DF3BE /* Validator.swift in Sources */,
				D9F0D0721DA074DE004DF3BE /* AppDelegate.swift in Sources */,
				D207A9491E80822F003E81AB /* StudentAnnotation.swift in Sources */,
				D25C3A2F1E1CB3E400F02E71 /* GCDBlackBox.swift in Sources */,
				D9F0D08A1DA07686004DF3BE /* StudentInformation.swift in Sources */,
				D241347F1EA219C200E73757 /* OnTheMapTableViewCell.swift in Sources */,
				D9F0D0851DA07592004DF3BE /* UdacityAPI.swift in Sources */,
				D21727F71E42B64700D1D036 /* MapViewController.swift in Sources */,
				D9F0D09B1DA1A9DF004DF3BE /* ViewController.swift in Sources */,
				D24134811EA2969F00E73757 /* AddLocationViewController.swift in Sources */,
				D9F0D08D1DA08330004DF3BE /* Constants.swift in Sources */,
				D9F0D08F1DA086C6004DF3BE /* ActivityIndicatorProtocol.swift in Sources */,
				D24134851EA2F11300E73757 /* ConfirmLocationViewController.swift in Sources */,
				D21727F91E42C76800D1D036 /* ListViewController.swift in Sources */,
				D24134831EA2DD4000E73757 /* StudentsInformation.swift in Sources */,
				D9F0D09E1DA1AA72004DF3BE /* AppAppearance.swift in Sources */,
			);
			runOnlyForDeploymentPostprocessing = 0;
		};
/* End PBXSourcesBuildPhase section */

/* Begin PBXVariantGroup section */
		D9F0D0751DA074DE004DF3BE /* Main.storyboard */ = {
			isa = PBXVariantGroup;
			children = (
				D9F0D0761DA074DE004DF3BE /* Base */,
			);
			name = Main.storyboard;
			sourceTree = "<group>";
		};
		D9F0D07A1DA074DE004DF3BE /* LaunchScreen.storyboard */ = {
			isa = PBXVariantGroup;
			children = (
				D9F0D07B1DA074DE004DF3BE /* Base */,
			);
			name = LaunchScreen.storyboard;
			sourceTree = "<group>";
		};
/* End PBXVariantGroup section */

/* Begin XCBuildConfiguration section */
		D9F0D07E1DA074DE004DF3BE /* Debug */ = {
			isa = XCBuildConfiguration;
			buildSettings = {
				ALWAYS_SEARCH_USER_PATHS = NO;
				CLANG_ANALYZER_NONNULL = YES;
				CLANG_CXX_LANGUAGE_STANDARD = "gnu++0x";
				CLANG_CXX_LIBRARY = "libc++";
				CLANG_ENABLE_MODULES = YES;
				CLANG_ENABLE_OBJC_ARC = YES;
				CLANG_WARN_BOOL_CONVERSION = YES;
				CLANG_WARN_CONSTANT_CONVERSION = YES;
				CLANG_WARN_DIRECT_OBJC_ISA_USAGE = YES_ERROR;
				CLANG_WARN_DOCUMENTATION_COMMENTS = YES;
				CLANG_WARN_EMPTY_BODY = YES;
				CLANG_WARN_ENUM_CONVERSION = YES;
				CLANG_WARN_INFINITE_RECURSION = YES;
				CLANG_WARN_INT_CONVERSION = YES;
				CLANG_WARN_OBJC_ROOT_CLASS = YES_ERROR;
				CLANG_WARN_SUSPICIOUS_MOVE = YES;
				CLANG_WARN_SUSPICIOUS_MOVES = YES;
				CLANG_WARN_UNREACHABLE_CODE = YES;
				CLANG_WARN__DUPLICATE_METHOD_MATCH = YES;
				"CODE_SIGN_IDENTITY[sdk=iphoneos*]" = "iPhone Developer";
				COPY_PHASE_STRIP = NO;
				DEBUG_INFORMATION_FORMAT = dwarf;
				ENABLE_STRICT_OBJC_MSGSEND = YES;
				ENABLE_TESTABILITY = YES;
				GCC_C_LANGUAGE_STANDARD = gnu99;
				GCC_DYNAMIC_NO_PIC = NO;
				GCC_NO_COMMON_BLOCKS = YES;
				GCC_OPTIMIZATION_LEVEL = 0;
				GCC_PREPROCESSOR_DEFINITIONS = (
					"DEBUG=1",
					"$(inherited)",
				);
				GCC_WARN_64_TO_32_BIT_CONVERSION = YES;
				GCC_WARN_ABOUT_RETURN_TYPE = YES_ERROR;
				GCC_WARN_UNDECLARED_SELECTOR = YES;
				GCC_WARN_UNINITIALIZED_AUTOS = YES_AGGRESSIVE;
				GCC_WARN_UNUSED_FUNCTION = YES;
				GCC_WARN_UNUSED_VARIABLE = YES;
				IPHONEOS_DEPLOYMENT_TARGET = 10.0;
				MTL_ENABLE_DEBUG_INFO = YES;
				ONLY_ACTIVE_ARCH = YES;
				SDKROOT = iphoneos;
				SWIFT_ACTIVE_COMPILATION_CONDITIONS = DEBUG;
				SWIFT_OPTIMIZATION_LEVEL = "-Onone";
			};
			name = Debug;
		};
		D9F0D07F1DA074DE004DF3BE /* Release */ = {
			isa = XCBuildConfiguration;
			buildSettings = {
				ALWAYS_SEARCH_USER_PATHS = NO;
				CLANG_ANALYZER_NONNULL = YES;
				CLANG_CXX_LANGUAGE_STANDARD = "gnu++0x";
				CLANG_CXX_LIBRARY = "libc++";
				CLANG_ENABLE_MODULES = YES;
				CLANG_ENABLE_OBJC_ARC = YES;
				CLANG_WARN_BOOL_CONVERSION = YES;
				CLANG_WARN_CONSTANT_CONVERSION = YES;
				CLANG_WARN_DIRECT_OBJC_ISA_USAGE = YES_ERROR;
				CLANG_WARN_DOCUMENTATION_COMMENTS = YES;
				CLANG_WARN_EMPTY_BODY = YES;
				CLANG_WARN_ENUM_CONVERSION = YES;
				CLANG_WARN_INFINITE_RECURSION = YES;
				CLANG_WARN_INT_CONVERSION = YES;
				CLANG_WARN_OBJC_ROOT_CLASS = YES_ERROR;
				CLANG_WARN_SUSPICIOUS_MOVE = YES;
				CLANG_WARN_SUSPICIOUS_MOVES = YES;
				CLANG_WARN_UNREACHABLE_CODE = YES;
				CLANG_WARN__DUPLICATE_METHOD_MATCH = YES;
				"CODE_SIGN_IDENTITY[sdk=iphoneos*]" = "iPhone Developer";
				COPY_PHASE_STRIP = NO;
				DEBUG_INFORMATION_FORMAT = "dwarf-with-dsym";
				ENABLE_NS_ASSERTIONS = NO;
				ENABLE_STRICT_OBJC_MSGSEND = YES;
				GCC_C_LANGUAGE_STANDARD = gnu99;
				GCC_NO_COMMON_BLOCKS = YES;
				GCC_WARN_64_TO_32_BIT_CONVERSION = YES;
				GCC_WARN_ABOUT_RETURN_TYPE = YES_ERROR;
				GCC_WARN_UNDECLARED_SELECTOR = YES;
				GCC_WARN_UNINITIALIZED_AUTOS = YES_AGGRESSIVE;
				GCC_WARN_UNUSED_FUNCTION = YES;
				GCC_WARN_UNUSED_VARIABLE = YES;
				IPHONEOS_DEPLOYMENT_TARGET = 10.0;
				MTL_ENABLE_DEBUG_INFO = NO;
				SDKROOT = iphoneos;
				SWIFT_OPTIMIZATION_LEVEL = "-Owholemodule";
				VALIDATE_PRODUCT = YES;
			};
			name = Release;
		};
		D9F0D0811DA074DE004DF3BE /* Debug */ = {
			isa = XCBuildConfiguration;
			buildSettings = {
				ASSETCATALOG_COMPILER_APPICON_NAME = AppIcon;
				INFOPLIST_FILE = "On the Map/Info.plist";
				LD_RUNPATH_SEARCH_PATHS = "$(inherited) @executable_path/Frameworks";
				PRODUCT_BUNDLE_IDENTIFIER = "com.udacity.On-the-Map";
				PRODUCT_NAME = "$(TARGET_NAME)";
				SWIFT_VERSION = 3.0;
			};
			name = Debug;
		};
		D9F0D0821DA074DE004DF3BE /* Release */ = {
			isa = XCBuildConfiguration;
			buildSettings = {
				ASSETCATALOG_COMPILER_APPICON_NAME = AppIcon;
				INFOPLIST_FILE = "On the Map/Info.plist";
				LD_RUNPATH_SEARCH_PATHS = "$(inherited) @executable_path/Frameworks";
				PRODUCT_BUNDLE_IDENTIFIER = "com.udacity.On-the-Map";
				PRODUCT_NAME = "$(TARGET_NAME)";
				SWIFT_VERSION = 3.0;
			};
			name = Release;
		};
/* End XCBuildConfiguration section */

/* Begin XCConfigurationList section */
		D9F0D0691DA074DE004DF3BE /* Build configuration list for PBXProject "On the Map" */ = {
			isa = XCConfigurationList;
			buildConfigurations = (
				D9F0D07E1DA074DE004DF3BE /* Debug */,
				D9F0D07F1DA074DE004DF3BE /* Release */,
			);
			defaultConfigurationIsVisible = 0;
			defaultConfigurationName = Release;
		};
		D9F0D0801DA074DE004DF3BE /* Build configuration list for PBXNativeTarget "On the Map" */ = {
			isa = XCConfigurationList;
			buildConfigurations = (
				D9F0D0811DA074DE004DF3BE /* Debug */,
				D9F0D0821DA074DE004DF3BE /* Release */,
			);
			defaultConfigurationIsVisible = 0;
			defaultConfigurationName = Release;
		};
/* End XCConfigurationList section */
	};
	rootObject = D9F0D0661DA074DE004DF3BE /* Project object */;
}
